{
  "version": 4,
  "terraform_version": "1.5.7",
  "serial": 3,
  "lineage": "235413db-8428-2477-b9f1-618b4062cfc7",
  "outputs": {},
  "resources": [
    {
      "mode": "data",
      "type": "github_repository",
      "name": "my_repo",
      "provider": "provider[\"registry.terraform.io/integrations/github\"]",
      "instances": [
        {
          "schema_version": 0,
          "attributes": {
            "allow_auto_merge": false,
            "allow_merge_commit": true,
            "allow_rebase_merge": true,
            "allow_squash_merge": true,
            "archived": false,
            "default_branch": "main",
            "description": "",
            "fork": false,
            "full_name": "Ray-tm/envCreation",
            "git_clone_url": "git://github.com/Ray-tm/envCreation.git",
            "has_discussions": false,
            "has_downloads": true,
            "has_issues": true,
            "has_projects": true,
            "has_wiki": true,
            "homepage_url": "",
            "html_url": "https://github.com/Ray-tm/envCreation",
            "http_clone_url": "https://github.com/Ray-tm/envCreation.git",
            "id": "envCreation",
            "is_template": false,
            "merge_commit_message": "PR_TITLE",
            "merge_commit_title": "MERGE_MESSAGE",
            "name": "envCreation",
            "node_id": "R_kgDON_Wm-Q",
            "pages": [],
            "primary_language": "HCL",
            "private": false,
            "repo_id": 938845945,
            "repository_license": [],
            "squash_merge_commit_message": "COMMIT_MESSAGES",
            "squash_merge_commit_title": "COMMIT_OR_PR_TITLE",
            "ssh_clone_url": "git@github.com:Ray-tm/envCreation.git",
            "svn_url": "https://github.com/Ray-tm/envCreation",
            "template": [],
            "topics": [],
            "visibility": "public"
          },
          "sensitive_attributes": []
        }
      ]
    },
    {
      "mode": "data",
      "type": "github_user",
      "name": "current",
      "provider": "provider[\"registry.terraform.io/integrations/github\"]",
      "instances": [
        {
          "schema_version": 0,
          "attributes": {
            "avatar_url": "https://avatars.githubusercontent.com/u/82286225?v=4",
            "bio": "",
            "blog": "",
            "company": "",
            "created_at": "2021-04-10 18:52:50 +0000 UTC",
            "email": "",
            "followers": 3,
            "following": 6,
            "gpg_keys": [],
            "gravatar_id": "",
            "id": "82286225",
            "location": "",
            "login": "Ray-tm",
            "name": "",
            "node_id": "MDQ6VXNlcjgyMjg2MjI1",
            "public_gists": 0,
            "public_repos": 22,
            "site_admin": false,
            "ssh_keys": [
              "ssh-rsa AAAAB3NzaC1yc2EAAAADAQABAAABgQCvtG04Q9v1hIuLtzEgBLc8PZYQFkEgvImlG1OkfJDPMitcbnSisOkjH1pX+C5QTZHXyyHbjUIHlba3t1yHo0kpvCrfgWUbXPYVszvxpSdpP+3vi6gA6FI9h45X9qWnyFwDy6+THl7HJ1tXAxi94+IvGbqTy4eUHlCnSm198dYuGU2nXPyfvuhAOZJT4JKIBDSfI1ZUcAtegiQ6byXQm7VhSYA5QS647K0GDamvdMzhI2J1QoNKjqhAWth9BRIgf+l40oBL4OT1veGnGfN5qbQLqj5WAvTGVZW9fbseZiyaS4hKEJv9nit6IH8NiZw8tvsHg6u6MGdRmroqTnc6RX6PMk236mMry968LwgSIgdFdmvdlMA2UrUVAZSlUf2EPJLvVL8e5b5PZAcHMIlbWJKCdoZUGygR3rzXShHWOWdojuQgUmgBCLFuWACD3FtRyN47oef1ihFfjSghOS83OS+nRq9jrMN4xEb0iplsa0NXF9aBOxuy/5HLlyGUGAJQC/U="
            ],
            "suspended_at": "0001-01-01 00:00:00 +0000 UTC",
            "updated_at": "2025-02-25 15:36:04 +0000 UTC",
            "username": "Ray-tm"
          },
          "sensitive_attributes": []
        }
      ]
    },
    {
      "mode": "managed",
      "type": "github_repository_environment",
      "name": "dev",
      "provider": "provider[\"registry.terraform.io/integrations/github\"]",
      "instances": [
        {
          "schema_version": 0,
          "attributes": {
            "can_admins_bypass": true,
            "deployment_branch_policy": [],
            "environment": "dev",
            "id": "envCreation:dev",
            "prevent_self_review": false,
            "repository": "envCreation",
            "reviewers": [],
            "wait_timer": 0
          },
          "sensitive_attributes": [],
          "private": "bnVsbA==",
          "dependencies": [
            "data.github_repository.my_repo"
          ]
        }
      ]
    }
  ],
  "check_results": null
}
